
Microsoft Visual Studio Solution File, Format Version 12.00
# Visual Studio Version 16
VisualStudioVersion = 16.0.29924.181
MinimumVisualStudioVersion = 10.0.40219.1
Project("{9A19103F-16F7-4668-BE54-9A1E7A4F7556}") = "SystemNetHttpJsonSamples", "SystemNetHttpJsonSamples\SystemNetHttpJsonSamples.csproj", "{305E63A5-A6B9-4BA3-B5D3-24D2448C3081}"
EndProject
Global
	GlobalSection(SolutionConfigurationPlatforms) = preSolution
		Debug|Any CPU = Debug|Any CPU
		Release|Any CPU = Release|Any CPU
	EndGlobalSection
	GlobalSection(ProjectConfigurationPlatforms) = postSolution
		{305E63A5-A6B9-4BA3-B5D3-24D2448C3081}.Debug|Any CPU.ActiveCfg = Debug|Any CPU
		{305E63A5-A6B9-4BA3-B5D3-24D2448C3081}.Debug|Any CPU.Build.0 = Debug|Any CPU
		{305E63A5-A6B9-4BA3-B5D3-24D2448C3081}.Release|Any CPU.ActiveCfg = Release|Any CPU
		{305E63A5-A6B9-4BA3-B5D3-24D2448C3081}.Release|Any CPU.Build.0 = Release|Any CPU
	EndGlobalSection
	GlobalSection(SolutionProperties) = preSolution
		HideSolutionNode = FALSE
	EndGlobalSection
	GlobalSection(ExtensibilityGlobals) = postSolution
		SolutionGuid = {55EFD30D-4FD1-4C99-8233-924F60B3EE9B}
	EndGlobalSection
EndGlobal
